// !$*UTF8*$!
{
	archiveVersion = 1;
	classes = {
	};
	objectVersion = 50;
	objects = {

/* Begin PBXBuildFile section */
		025DB2FEBF26BB3CD17BB2E4 /* libPods-MixParadise.a in Frameworks */ = {isa = PBXBuildFile; fileRef = C5AA96444AE6C9D01C7AF0FE /* libPods-MixParadise.a */; };
		094425902235800100F15D5E /* SBDynamicWaterNode.m in Sources */ = {isa = PBXBuildFile; fileRef = 094425852235800000F15D5E /* SBDynamicWaterNode.m */; };
		094425912235800100F15D5E /* Droplets.fsh in Resources */ = {isa = PBXBuildFile; fileRef = 094425862235800000F15D5E /* Droplets.fsh */; };
		094425922235800100F15D5E /* GameScene.m in Sources */ = {isa = PBXBuildFile; fileRef = 094425872235800100F15D5E /* GameScene.m */; };
		094425952235800100F15D5E /* IngredientNode.m in Sources */ = {isa = PBXBuildFile; fileRef = 0944258D2235800100F15D5E /* IngredientNode.m */; };
		094425962235800100F15D5E /* GameScene.sks in Resources */ = {isa = PBXBuildFile; fileRef = 0944258E2235800100F15D5E /* GameScene.sks */; };
		094425972235800100F15D5E /* Droplet.png in Resources */ = {isa = PBXBuildFile; fileRef = 0944258F2235800100F15D5E /* Droplet.png */; };
		09442599223581D100F15D5E /* LiquidScene.swift in Sources */ = {isa = PBXBuildFile; fileRef = 09442598223581D100F15D5E /* LiquidScene.swift */; };
		E1540546220E5B9A00188638 /* AppDelegate.swift in Sources */ = {isa = PBXBuildFile; fileRef = E1540545220E5B9A00188638 /* AppDelegate.swift */; };
		E154054D220E5B9B00188638 /* Assets.xcassets in Resources */ = {isa = PBXBuildFile; fileRef = E154054C220E5B9B00188638 /* Assets.xcassets */; };
		E1540550220E5B9B00188638 /* LaunchScreen.storyboard in Resources */ = {isa = PBXBuildFile; fileRef = E154054E220E5B9B00188638 /* LaunchScreen.storyboard */; };
		E158FC2A224317C2000EA79B /* PopUpTransition.swift in Sources */ = {isa = PBXBuildFile; fileRef = E158FC29224317C2000EA79B /* PopUpTransition.swift */; };
		E158FC2D224319F5000EA79B /* ResultViewController.swift in Sources */ = {isa = PBXBuildFile; fileRef = E158FC2C224319F5000EA79B /* ResultViewController.swift */; };
		E158FC2F22431A30000EA79B /* ResultView.swift in Sources */ = {isa = PBXBuildFile; fileRef = E158FC2E22431A30000EA79B /* ResultView.swift */; };
		E158FC3722443F73000EA79B /* ProgressView.swift in Sources */ = {isa = PBXBuildFile; fileRef = E158FC3622443F73000EA79B /* ProgressView.swift */; };
		E1E8CBBE223335C40071D5C3 /* IngredientsPickerViewController.swift in Sources */ = {isa = PBXBuildFile; fileRef = E1E8CBBD223335C40071D5C3 /* IngredientsPickerViewController.swift */; };
		E1E8CBC0223335DF0071D5C3 /* RootViewController.swift in Sources */ = {isa = PBXBuildFile; fileRef = E1E8CBBF223335DF0071D5C3 /* RootViewController.swift */; };
		E1E8CBC2223335EC0071D5C3 /* RootView.swift in Sources */ = {isa = PBXBuildFile; fileRef = E1E8CBC1223335EC0071D5C3 /* RootView.swift */; };
		E1E8CBC4223335F90071D5C3 /* IngredientsPickerView.swift in Sources */ = {isa = PBXBuildFile; fileRef = E1E8CBC3223335F90071D5C3 /* IngredientsPickerView.swift */; };
		E1E8CBC7223336AA0071D5C3 /* ViewControllerFactory.swift in Sources */ = {isa = PBXBuildFile; fileRef = E1E8CBC6223336AA0071D5C3 /* ViewControllerFactory.swift */; };
		E1E8CBCA2233390B0071D5C3 /* BaseViewController.swift in Sources */ = {isa = PBXBuildFile; fileRef = E1E8CBC92233390B0071D5C3 /* BaseViewController.swift */; };
		E1E8CBD522333E030071D5C3 /* Stylesheet.swift in Sources */ = {isa = PBXBuildFile; fileRef = E1E8CBD422333E030071D5C3 /* Stylesheet.swift */; };
		E1E8CBD82233435C0071D5C3 /* CustomPresentationController.swift in Sources */ = {isa = PBXBuildFile; fileRef = E1E8CBD72233435C0071D5C3 /* CustomPresentationController.swift */; };
		E1E8CBDA223344BF0071D5C3 /* CALayer+Utils.swift in Sources */ = {isa = PBXBuildFile; fileRef = E1E8CBD9223344BF0071D5C3 /* CALayer+Utils.swift */; };
		E1E8CBDC2233477F0071D5C3 /* GenericButton.swift in Sources */ = {isa = PBXBuildFile; fileRef = E1E8CBDB2233477F0071D5C3 /* GenericButton.swift */; };
		E1E8CBF4223358080071D5C3 /* ComponentFactory.swift in Sources */ = {isa = PBXBuildFile; fileRef = E1E8CBF3223358080071D5C3 /* ComponentFactory.swift */; };
		E1E8CBFF223469430071D5C3 /* PushButton.swift in Sources */ = {isa = PBXBuildFile; fileRef = E1E8CBFE223469430071D5C3 /* PushButton.swift */; };
		E1E8CC1322357D4E0071D5C3 /* Montserrat-Black.otf in Resources */ = {isa = PBXBuildFile; fileRef = E1E8CC0B22357D4E0071D5C3 /* Montserrat-Black.otf */; };
		E1E8CC1422357D4E0071D5C3 /* Montserrat-Hairline.otf in Resources */ = {isa = PBXBuildFile; fileRef = E1E8CC0C22357D4E0071D5C3 /* Montserrat-Hairline.otf */; };
		E1E8CC1522357D4E0071D5C3 /* Montserrat-SemiBold.otf in Resources */ = {isa = PBXBuildFile; fileRef = E1E8CC0D22357D4E0071D5C3 /* Montserrat-SemiBold.otf */; };
		E1E8CC1622357D4E0071D5C3 /* Montserrat-ExtraBold.otf in Resources */ = {isa = PBXBuildFile; fileRef = E1E8CC0E22357D4E0071D5C3 /* Montserrat-ExtraBold.otf */; };
		E1E8CC1722357D4E0071D5C3 /* Montserrat-Light.otf in Resources */ = {isa = PBXBuildFile; fileRef = E1E8CC0F22357D4E0071D5C3 /* Montserrat-Light.otf */; };
		E1E8CC1822357D4E0071D5C3 /* Montserrat-Regular.otf in Resources */ = {isa = PBXBuildFile; fileRef = E1E8CC1022357D4E0071D5C3 /* Montserrat-Regular.otf */; };
		E1E8CC1922357D4E0071D5C3 /* Montserrat-Bold.otf in Resources */ = {isa = PBXBuildFile; fileRef = E1E8CC1122357D4E0071D5C3 /* Montserrat-Bold.otf */; };
		E1E8CC1A22357D4E0071D5C3 /* Montserrat-UltraLight.otf in Resources */ = {isa = PBXBuildFile; fileRef = E1E8CC1222357D4E0071D5C3 /* Montserrat-UltraLight.otf */; };
		FE13B0102246AE83008C8AE6 /* ServiceFactory.swift in Sources */ = {isa = PBXBuildFile; fileRef = FE13B00F2246AE83008C8AE6 /* ServiceFactory.swift */; };
		FE13B0122246AED0008C8AE6 /* IngredientService.swift in Sources */ = {isa = PBXBuildFile; fileRef = FE13B0112246AED0008C8AE6 /* IngredientService.swift */; };
		FE13B0182246AFFF008C8AE6 /* Ingredient.swift in Sources */ = {isa = PBXBuildFile; fileRef = FE13B0172246AFFF008C8AE6 /* Ingredient.swift */; };
		FE13B01A2246B039008C8AE6 /* Liquid.swift in Sources */ = {isa = PBXBuildFile; fileRef = FE13B0192246B039008C8AE6 /* Liquid.swift */; };
		FE13B01C2246B096008C8AE6 /* Solid.swift in Sources */ = {isa = PBXBuildFile; fileRef = FE13B01B2246B096008C8AE6 /* Solid.swift */; };
		FE41CEE92246A79E00F9136E /* Request.swift in Sources */ = {isa = PBXBuildFile; fileRef = FE41CEE42246A79D00F9136E /* Request.swift */; };
		FE41CEEA2246A79E00F9136E /* String+FrigKit.swift in Sources */ = {isa = PBXBuildFile; fileRef = FE41CEE52246A79D00F9136E /* String+FrigKit.swift */; };
		FE41CEEB2246A79E00F9136E /* UIColor+FrigKit.swift in Sources */ = {isa = PBXBuildFile; fileRef = FE41CEE62246A79E00F9136E /* UIColor+FrigKit.swift */; };
		FE41CEEC2246A79E00F9136E /* UIView+FrigKit.swift in Sources */ = {isa = PBXBuildFile; fileRef = FE41CEE72246A79E00F9136E /* UIView+FrigKit.swift */; };
		FE41CEED2246A79E00F9136E /* JSONWebToken.swift in Sources */ = {isa = PBXBuildFile; fileRef = FE41CEE82246A79E00F9136E /* JSONWebToken.swift */; };
		FE41CEEF2246A96A00F9136E /* Config.swift in Sources */ = {isa = PBXBuildFile; fileRef = FE41CEEE2246A96A00F9136E /* Config.swift */; };
		FE41CEF42246AA8C00F9136E /* Ingredients.swift in Sources */ = {isa = PBXBuildFile; fileRef = FE41CEF32246AA8C00F9136E /* Ingredients.swift */; };
		FE41CEF62246ABC100F9136E /* Extensions.swift in Sources */ = {isa = PBXBuildFile; fileRef = FE41CEF52246ABC100F9136E /* Extensions.swift */; };
		FEB158A42246B7110074FF33 /* TitleLabel.swift in Sources */ = {isa = PBXBuildFile; fileRef = FEB158A32246B7110074FF33 /* TitleLabel.swift */; };
		FEB158A62246BDAD0074FF33 /* BlenderService.swift in Sources */ = {isa = PBXBuildFile; fileRef = FEB158A52246BDAD0074FF33 /* BlenderService.swift */; };
/* End PBXBuildFile section */

/* Begin PBXFileReference section */
		094425832235800000F15D5E /* MixParadise-Bridging-Header.h */ = {isa = PBXFileReference; lastKnownFileType = sourcecode.c.h; path = "MixParadise-Bridging-Header.h"; sourceTree = "<group>"; };
		094425842235800000F15D5E /* SBDynamicWaterNode.h */ = {isa = PBXFileReference; fileEncoding = 4; lastKnownFileType = sourcecode.c.h; path = SBDynamicWaterNode.h; sourceTree = "<group>"; };
		094425852235800000F15D5E /* SBDynamicWaterNode.m */ = {isa = PBXFileReference; fileEncoding = 4; lastKnownFileType = sourcecode.c.objc; path = SBDynamicWaterNode.m; sourceTree = "<group>"; };
		094425862235800000F15D5E /* Droplets.fsh */ = {isa = PBXFileReference; fileEncoding = 4; lastKnownFileType = sourcecode.glsl; path = Droplets.fsh; sourceTree = "<group>"; };
		094425872235800100F15D5E /* GameScene.m */ = {isa = PBXFileReference; fileEncoding = 4; lastKnownFileType = sourcecode.c.objc; path = GameScene.m; sourceTree = "<group>"; };
		094425882235800100F15D5E /* GameScene.h */ = {isa = PBXFileReference; fileEncoding = 4; lastKnownFileType = sourcecode.c.h; path = GameScene.h; sourceTree = "<group>"; };
		094425892235800100F15D5E /* IngredientNode.h */ = {isa = PBXFileReference; fileEncoding = 4; lastKnownFileType = sourcecode.c.h; path = IngredientNode.h; sourceTree = "<group>"; };
		0944258D2235800100F15D5E /* IngredientNode.m */ = {isa = PBXFileReference; fileEncoding = 4; lastKnownFileType = sourcecode.c.objc; path = IngredientNode.m; sourceTree = "<group>"; };
		0944258E2235800100F15D5E /* GameScene.sks */ = {isa = PBXFileReference; lastKnownFileType = file.sks; path = GameScene.sks; sourceTree = "<group>"; };
		0944258F2235800100F15D5E /* Droplet.png */ = {isa = PBXFileReference; lastKnownFileType = image.png; path = Droplet.png; sourceTree = "<group>"; };
		09442598223581D100F15D5E /* LiquidScene.swift */ = {isa = PBXFileReference; fileEncoding = 4; lastKnownFileType = sourcecode.swift; path = LiquidScene.swift; sourceTree = "<group>"; };
		3D7BD185EF0E7E45833CCE9D /* Pods-MixParadise.release.xcconfig */ = {isa = PBXFileReference; includeInIndex = 1; lastKnownFileType = text.xcconfig; name = "Pods-MixParadise.release.xcconfig"; path = "Pods/Target Support Files/Pods-MixParadise/Pods-MixParadise.release.xcconfig"; sourceTree = "<group>"; };
		735C2196034F36942DD7644A /* Pods-MixParadise.release.xcconfig */ = {isa = PBXFileReference; includeInIndex = 1; lastKnownFileType = text.xcconfig; name = "Pods-MixParadise.release.xcconfig"; path = "Target Support Files/Pods-MixParadise/Pods-MixParadise.release.xcconfig"; sourceTree = "<group>"; };
		A1DD7FE909375EDCE8705174 /* Pods-MixParadise.debug.xcconfig */ = {isa = PBXFileReference; includeInIndex = 1; lastKnownFileType = text.xcconfig; name = "Pods-MixParadise.debug.xcconfig"; path = "Pods/Target Support Files/Pods-MixParadise/Pods-MixParadise.debug.xcconfig"; sourceTree = "<group>"; };
		C5AA96444AE6C9D01C7AF0FE /* libPods-MixParadise.a */ = {isa = PBXFileReference; explicitFileType = archive.ar; includeInIndex = 0; path = "libPods-MixParadise.a"; sourceTree = BUILT_PRODUCTS_DIR; };
		E1540542220E5B9A00188638 /* MixParadise.app */ = {isa = PBXFileReference; explicitFileType = wrapper.application; includeInIndex = 0; path = MixParadise.app; sourceTree = BUILT_PRODUCTS_DIR; };
		E1540545220E5B9A00188638 /* AppDelegate.swift */ = {isa = PBXFileReference; lastKnownFileType = sourcecode.swift; path = AppDelegate.swift; sourceTree = "<group>"; };
		E154054C220E5B9B00188638 /* Assets.xcassets */ = {isa = PBXFileReference; lastKnownFileType = folder.assetcatalog; path = Assets.xcassets; sourceTree = "<group>"; };
		E154054F220E5B9B00188638 /* Base */ = {isa = PBXFileReference; lastKnownFileType = file.storyboard; name = Base; path = Base.lproj/LaunchScreen.storyboard; sourceTree = "<group>"; };
		E1540551220E5B9B00188638 /* Info.plist */ = {isa = PBXFileReference; lastKnownFileType = text.plist.xml; path = Info.plist; sourceTree = "<group>"; };
		E158FC29224317C2000EA79B /* PopUpTransition.swift */ = {isa = PBXFileReference; lastKnownFileType = sourcecode.swift; path = PopUpTransition.swift; sourceTree = "<group>"; };
		E158FC2C224319F5000EA79B /* ResultViewController.swift */ = {isa = PBXFileReference; lastKnownFileType = sourcecode.swift; path = ResultViewController.swift; sourceTree = "<group>"; };
		E158FC2E22431A30000EA79B /* ResultView.swift */ = {isa = PBXFileReference; lastKnownFileType = sourcecode.swift; path = ResultView.swift; sourceTree = "<group>"; };
		E158FC3622443F73000EA79B /* ProgressView.swift */ = {isa = PBXFileReference; lastKnownFileType = sourcecode.swift; path = ProgressView.swift; sourceTree = "<group>"; };
		E1E8CBBD223335C40071D5C3 /* IngredientsPickerViewController.swift */ = {isa = PBXFileReference; lastKnownFileType = sourcecode.swift; path = IngredientsPickerViewController.swift; sourceTree = "<group>"; };
		E1E8CBBF223335DF0071D5C3 /* RootViewController.swift */ = {isa = PBXFileReference; lastKnownFileType = sourcecode.swift; path = RootViewController.swift; sourceTree = "<group>"; };
		E1E8CBC1223335EC0071D5C3 /* RootView.swift */ = {isa = PBXFileReference; lastKnownFileType = sourcecode.swift; path = RootView.swift; sourceTree = "<group>"; };
		E1E8CBC3223335F90071D5C3 /* IngredientsPickerView.swift */ = {isa = PBXFileReference; lastKnownFileType = sourcecode.swift; path = IngredientsPickerView.swift; sourceTree = "<group>"; };
		E1E8CBC6223336AA0071D5C3 /* ViewControllerFactory.swift */ = {isa = PBXFileReference; lastKnownFileType = sourcecode.swift; path = ViewControllerFactory.swift; sourceTree = "<group>"; };
		E1E8CBC92233390B0071D5C3 /* BaseViewController.swift */ = {isa = PBXFileReference; lastKnownFileType = sourcecode.swift; path = BaseViewController.swift; sourceTree = "<group>"; };
		E1E8CBD422333E030071D5C3 /* Stylesheet.swift */ = {isa = PBXFileReference; lastKnownFileType = sourcecode.swift; path = Stylesheet.swift; sourceTree = "<group>"; };
		E1E8CBD72233435C0071D5C3 /* CustomPresentationController.swift */ = {isa = PBXFileReference; lastKnownFileType = sourcecode.swift; path = CustomPresentationController.swift; sourceTree = "<group>"; };
		E1E8CBD9223344BF0071D5C3 /* CALayer+Utils.swift */ = {isa = PBXFileReference; lastKnownFileType = sourcecode.swift; path = "CALayer+Utils.swift"; sourceTree = "<group>"; };
		E1E8CBDB2233477F0071D5C3 /* GenericButton.swift */ = {isa = PBXFileReference; lastKnownFileType = sourcecode.swift; path = GenericButton.swift; sourceTree = "<group>"; };
		E1E8CBF3223358080071D5C3 /* ComponentFactory.swift */ = {isa = PBXFileReference; lastKnownFileType = sourcecode.swift; path = ComponentFactory.swift; sourceTree = "<group>"; };
		E1E8CBFE223469430071D5C3 /* PushButton.swift */ = {isa = PBXFileReference; lastKnownFileType = sourcecode.swift; path = PushButton.swift; sourceTree = "<group>"; };
		E1E8CC0B22357D4E0071D5C3 /* Montserrat-Black.otf */ = {isa = PBXFileReference; lastKnownFileType = file; path = "Montserrat-Black.otf"; sourceTree = "<group>"; };
		E1E8CC0C22357D4E0071D5C3 /* Montserrat-Hairline.otf */ = {isa = PBXFileReference; lastKnownFileType = file; path = "Montserrat-Hairline.otf"; sourceTree = "<group>"; };
		E1E8CC0D22357D4E0071D5C3 /* Montserrat-SemiBold.otf */ = {isa = PBXFileReference; lastKnownFileType = file; path = "Montserrat-SemiBold.otf"; sourceTree = "<group>"; };
		E1E8CC0E22357D4E0071D5C3 /* Montserrat-ExtraBold.otf */ = {isa = PBXFileReference; lastKnownFileType = file; path = "Montserrat-ExtraBold.otf"; sourceTree = "<group>"; };
		E1E8CC0F22357D4E0071D5C3 /* Montserrat-Light.otf */ = {isa = PBXFileReference; lastKnownFileType = file; path = "Montserrat-Light.otf"; sourceTree = "<group>"; };
		E1E8CC1022357D4E0071D5C3 /* Montserrat-Regular.otf */ = {isa = PBXFileReference; lastKnownFileType = file; path = "Montserrat-Regular.otf"; sourceTree = "<group>"; };
		E1E8CC1122357D4E0071D5C3 /* Montserrat-Bold.otf */ = {isa = PBXFileReference; lastKnownFileType = file; path = "Montserrat-Bold.otf"; sourceTree = "<group>"; };
		E1E8CC1222357D4E0071D5C3 /* Montserrat-UltraLight.otf */ = {isa = PBXFileReference; lastKnownFileType = file; path = "Montserrat-UltraLight.otf"; sourceTree = "<group>"; };
		F261BA5C869B21CEE859688B /* Pods-MixParadise.debug.xcconfig */ = {isa = PBXFileReference; includeInIndex = 1; lastKnownFileType = text.xcconfig; name = "Pods-MixParadise.debug.xcconfig"; path = "Target Support Files/Pods-MixParadise/Pods-MixParadise.debug.xcconfig"; sourceTree = "<group>"; };
		FE13B00F2246AE83008C8AE6 /* ServiceFactory.swift */ = {isa = PBXFileReference; lastKnownFileType = sourcecode.swift; path = ServiceFactory.swift; sourceTree = "<group>"; };
		FE13B0112246AED0008C8AE6 /* IngredientService.swift */ = {isa = PBXFileReference; lastKnownFileType = sourcecode.swift; path = IngredientService.swift; sourceTree = "<group>"; };
		FE13B0172246AFFF008C8AE6 /* Ingredient.swift */ = {isa = PBXFileReference; lastKnownFileType = sourcecode.swift; path = Ingredient.swift; sourceTree = "<group>"; };
		FE13B0192246B039008C8AE6 /* Liquid.swift */ = {isa = PBXFileReference; lastKnownFileType = sourcecode.swift; path = Liquid.swift; sourceTree = "<group>"; };
		FE13B01B2246B096008C8AE6 /* Solid.swift */ = {isa = PBXFileReference; lastKnownFileType = sourcecode.swift; path = Solid.swift; sourceTree = "<group>"; };
		FE41CEE42246A79D00F9136E /* Request.swift */ = {isa = PBXFileReference; fileEncoding = 4; lastKnownFileType = sourcecode.swift; path = Request.swift; sourceTree = "<group>"; };
		FE41CEE52246A79D00F9136E /* String+FrigKit.swift */ = {isa = PBXFileReference; fileEncoding = 4; lastKnownFileType = sourcecode.swift; path = "String+FrigKit.swift"; sourceTree = "<group>"; };
		FE41CEE62246A79E00F9136E /* UIColor+FrigKit.swift */ = {isa = PBXFileReference; fileEncoding = 4; lastKnownFileType = sourcecode.swift; path = "UIColor+FrigKit.swift"; sourceTree = "<group>"; };
		FE41CEE72246A79E00F9136E /* UIView+FrigKit.swift */ = {isa = PBXFileReference; fileEncoding = 4; lastKnownFileType = sourcecode.swift; path = "UIView+FrigKit.swift"; sourceTree = "<group>"; };
		FE41CEE82246A79E00F9136E /* JSONWebToken.swift */ = {isa = PBXFileReference; fileEncoding = 4; lastKnownFileType = sourcecode.swift; path = JSONWebToken.swift; sourceTree = "<group>"; };
		FE41CEEE2246A96A00F9136E /* Config.swift */ = {isa = PBXFileReference; lastKnownFileType = sourcecode.swift; path = Config.swift; sourceTree = "<group>"; };
		FE41CEF32246AA8C00F9136E /* Ingredients.swift */ = {isa = PBXFileReference; lastKnownFileType = sourcecode.swift; path = Ingredients.swift; sourceTree = "<group>"; };
		FE41CEF52246ABC100F9136E /* Extensions.swift */ = {isa = PBXFileReference; lastKnownFileType = sourcecode.swift; path = Extensions.swift; sourceTree = "<group>"; };
		FEB158A32246B7110074FF33 /* TitleLabel.swift */ = {isa = PBXFileReference; lastKnownFileType = sourcecode.swift; path = TitleLabel.swift; sourceTree = "<group>"; };
		FEB158A52246BDAD0074FF33 /* BlenderService.swift */ = {isa = PBXFileReference; lastKnownFileType = sourcecode.swift; path = BlenderService.swift; sourceTree = "<group>"; };
/* End PBXFileReference section */

/* Begin PBXFrameworksBuildPhase section */
		E154053F220E5B9A00188638 /* Frameworks */ = {
			isa = PBXFrameworksBuildPhase;
			buildActionMask = 2147483647;
			files = (
				025DB2FEBF26BB3CD17BB2E4 /* libPods-MixParadise.a in Frameworks */,
			);
			runOnlyForDeploymentPostprocessing = 0;
		};
/* End PBXFrameworksBuildPhase section */

/* Begin PBXGroup section */
		0944258222357FC800F15D5E /* SpriteKit */ = {
			isa = PBXGroup;
			children = (
				09442598223581D100F15D5E /* LiquidScene.swift */,
				0944258F2235800100F15D5E /* Droplet.png */,
				094425862235800000F15D5E /* Droplets.fsh */,
				094425882235800100F15D5E /* GameScene.h */,
				094425872235800100F15D5E /* GameScene.m */,
				0944258E2235800100F15D5E /* GameScene.sks */,
				094425892235800100F15D5E /* IngredientNode.h */,
				0944258D2235800100F15D5E /* IngredientNode.m */,
				094425842235800000F15D5E /* SBDynamicWaterNode.h */,
				094425852235800000F15D5E /* SBDynamicWaterNode.m */,
				094425832235800000F15D5E /* MixParadise-Bridging-Header.h */,
			);
			path = SpriteKit;
			sourceTree = "<group>";
		};
		E1540539220E5B9A00188638 = {
			isa = PBXGroup;
			children = (
				E1540544220E5B9A00188638 /* Sources */,
				E1540543220E5B9A00188638 /* Products */,
				ECFAB8F2C61E5257EFE8634E /* Pods */,
				FE0C7161BA90BC4EA89BE492 /* Frameworks */,
			);
			sourceTree = "<group>";
		};
		E1540543220E5B9A00188638 /* Products */ = {
			isa = PBXGroup;
			children = (
				E1540542220E5B9A00188638 /* MixParadise.app */,
			);
			name = Products;
			sourceTree = "<group>";
		};
		E1540544220E5B9A00188638 /* Sources */ = {
			isa = PBXGroup;
			children = (
				FE41CEF02246A9EF00F9136E /* Domain */,
				FE41CEE32246A78500F9136E /* Helpers */,
				E1540557220E5E5400188638 /* UI */,
				E1540558220E5E5900188638 /* Ressources */,
				E1540559220E5E8500188638 /* SupportingFiles */,
				FE41CEEE2246A96A00F9136E /* Config.swift */,
				E1540545220E5B9A00188638 /* AppDelegate.swift */,
			);
			path = Sources;
			sourceTree = "<group>";
		};
		E1540557220E5E5400188638 /* UI */ = {
			isa = PBXGroup;
			children = (
				E1E8CBC8223338F80071D5C3 /* Base */,
				E1E8CBD6223342A00071D5C3 /* Common */,
				E1E8CBC52233364C0071D5C3 /* Factories */,
				E1E8CBBA223335910071D5C3 /* IngredientsPicker */,
				E158FC2B224319E3000EA79B /* Result */,
				E1E8CBB9223335780071D5C3 /* Root */,
				0944258222357FC800F15D5E /* SpriteKit */,
				E1E8CBD422333E030071D5C3 /* Stylesheet.swift */,
			);
			path = UI;
			sourceTree = "<group>";
		};
		E1540558220E5E5900188638 /* Ressources */ = {
			isa = PBXGroup;
			children = (
				E1E8CBDD22334BE20071D5C3 /* Font */,
				E154054E220E5B9B00188638 /* LaunchScreen.storyboard */,
				E154054C220E5B9B00188638 /* Assets.xcassets */,
			);
			path = Ressources;
			sourceTree = "<group>";
		};
		E1540559220E5E8500188638 /* SupportingFiles */ = {
			isa = PBXGroup;
			children = (
				E1540551220E5B9B00188638 /* Info.plist */,
			);
			path = SupportingFiles;
			sourceTree = "<group>";
		};
		E158FC2B224319E3000EA79B /* Result */ = {
			isa = PBXGroup;
			children = (
				E158FC3522443F64000EA79B /* Subview */,
				E158FC2C224319F5000EA79B /* ResultViewController.swift */,
				E158FC2E22431A30000EA79B /* ResultView.swift */,
			);
			path = Result;
			sourceTree = "<group>";
		};
		E158FC3522443F64000EA79B /* Subview */ = {
			isa = PBXGroup;
			children = (
				E158FC3622443F73000EA79B /* ProgressView.swift */,
			);
			path = Subview;
			sourceTree = "<group>";
		};
		E1E8CBB9223335780071D5C3 /* Root */ = {
			isa = PBXGroup;
			children = (
				E1E8CBFD223469340071D5C3 /* Subviews */,
				E1E8CBBF223335DF0071D5C3 /* RootViewController.swift */,
				E1E8CBC1223335EC0071D5C3 /* RootView.swift */,
			);
			path = Root;
			sourceTree = "<group>";
		};
		E1E8CBBA223335910071D5C3 /* IngredientsPicker */ = {
			isa = PBXGroup;
			children = (
				FEB158A22246B6FA0074FF33 /* Subviews */,
				E1E8CBBD223335C40071D5C3 /* IngredientsPickerViewController.swift */,
				E1E8CBC3223335F90071D5C3 /* IngredientsPickerView.swift */,
			);
			path = IngredientsPicker;
			sourceTree = "<group>";
		};
		E1E8CBC52233364C0071D5C3 /* Factories */ = {
			isa = PBXGroup;
			children = (
				E1E8CBC6223336AA0071D5C3 /* ViewControllerFactory.swift */,
			);
			path = Factories;
			sourceTree = "<group>";
		};
		E1E8CBC8223338F80071D5C3 /* Base */ = {
			isa = PBXGroup;
			children = (
				E1E8CBC92233390B0071D5C3 /* BaseViewController.swift */,
			);
			path = Base;
			sourceTree = "<group>";
		};
		E1E8CBD6223342A00071D5C3 /* Common */ = {
			isa = PBXGroup;
			children = (
				E1E8CBD72233435C0071D5C3 /* CustomPresentationController.swift */,
				E1E8CBD9223344BF0071D5C3 /* CALayer+Utils.swift */,
				E1E8CBDB2233477F0071D5C3 /* GenericButton.swift */,
				E1E8CBF3223358080071D5C3 /* ComponentFactory.swift */,
				E158FC29224317C2000EA79B /* PopUpTransition.swift */,
			);
			path = Common;
			sourceTree = "<group>";
		};
		E1E8CBDD22334BE20071D5C3 /* Font */ = {
			isa = PBXGroup;
			children = (
				E1E8CC0B22357D4E0071D5C3 /* Montserrat-Black.otf */,
				E1E8CC1122357D4E0071D5C3 /* Montserrat-Bold.otf */,
				E1E8CC0E22357D4E0071D5C3 /* Montserrat-ExtraBold.otf */,
				E1E8CC0C22357D4E0071D5C3 /* Montserrat-Hairline.otf */,
				E1E8CC0F22357D4E0071D5C3 /* Montserrat-Light.otf */,
				E1E8CC1022357D4E0071D5C3 /* Montserrat-Regular.otf */,
				E1E8CC0D22357D4E0071D5C3 /* Montserrat-SemiBold.otf */,
				E1E8CC1222357D4E0071D5C3 /* Montserrat-UltraLight.otf */,
			);
			path = Font;
			sourceTree = "<group>";
		};
		E1E8CBFD223469340071D5C3 /* Subviews */ = {
			isa = PBXGroup;
			children = (
				E1E8CBFE223469430071D5C3 /* PushButton.swift */,
			);
			path = Subviews;
			sourceTree = "<group>";
		};
		ECFAB8F2C61E5257EFE8634E /* Pods */ = {
			isa = PBXGroup;
			children = (
				F261BA5C869B21CEE859688B /* Pods-MixParadise.debug.xcconfig */,
				735C2196034F36942DD7644A /* Pods-MixParadise.release.xcconfig */,
				A1DD7FE909375EDCE8705174 /* Pods-MixParadise.debug.xcconfig */,
				3D7BD185EF0E7E45833CCE9D /* Pods-MixParadise.release.xcconfig */,
			);
			path = Pods;
			sourceTree = "<group>";
		};
		FE0C7161BA90BC4EA89BE492 /* Frameworks */ = {
			isa = PBXGroup;
			children = (
				C5AA96444AE6C9D01C7AF0FE /* libPods-MixParadise.a */,
			);
			name = Frameworks;
			sourceTree = "<group>";
		};
		FE41CEE32246A78500F9136E /* Helpers */ = {
			isa = PBXGroup;
			children = (
				FE41CEF52246ABC100F9136E /* Extensions.swift */,
				FE41CEE82246A79E00F9136E /* JSONWebToken.swift */,
				FE41CEE42246A79D00F9136E /* Request.swift */,
				FE41CEE52246A79D00F9136E /* String+FrigKit.swift */,
				FE41CEE62246A79E00F9136E /* UIColor+FrigKit.swift */,
				FE41CEE72246A79E00F9136E /* UIView+FrigKit.swift */,
			);
			path = Helpers;
			sourceTree = "<group>";
		};
		FE41CEF02246A9EF00F9136E /* Domain */ = {
			isa = PBXGroup;
			children = (
				FE41CEF22246AA0800F9136E /* Service */,
				FE41CEF12246A9FC00F9136E /* Model */,
				FE13B00F2246AE83008C8AE6 /* ServiceFactory.swift */,
			);
			path = Domain;
			sourceTree = "<group>";
		};
		FE41CEF12246A9FC00F9136E /* Model */ = {
			isa = PBXGroup;
			children = (
				FE41CEF32246AA8C00F9136E /* Ingredients.swift */,
				FE13B0172246AFFF008C8AE6 /* Ingredient.swift */,
				FE13B0192246B039008C8AE6 /* Liquid.swift */,
				FE13B01B2246B096008C8AE6 /* Solid.swift */,
			);
			path = Model;
			sourceTree = "<group>";
		};
		FE41CEF22246AA0800F9136E /* Service */ = {
			isa = PBXGroup;
			children = (
				FE13B0112246AED0008C8AE6 /* IngredientService.swift */,
				FEB158A52246BDAD0074FF33 /* BlenderService.swift */,
			);
			path = Service;
			sourceTree = "<group>";
		};
		FEB158A22246B6FA0074FF33 /* Subviews */ = {
			isa = PBXGroup;
			children = (
				FEB158A32246B7110074FF33 /* TitleLabel.swift */,
			);
			path = Subviews;
			sourceTree = "<group>";
		};
/* End PBXGroup section */

/* Begin PBXNativeTarget section */
		E1540541220E5B9A00188638 /* MixParadise */ = {
			isa = PBXNativeTarget;
			buildConfigurationList = E1540554220E5B9B00188638 /* Build configuration list for PBXNativeTarget "MixParadise" */;
			buildPhases = (
				1C7908820332B7DEC2E0EE3E /* [CP] Check Pods Manifest.lock */,
				E154053E220E5B9A00188638 /* Sources */,
				E154053F220E5B9A00188638 /* Frameworks */,
				E1540540220E5B9A00188638 /* Resources */,
			);
			buildRules = (
			);
			dependencies = (
			);
			name = MixParadise;
			productName = MixParadise;
			productReference = E1540542220E5B9A00188638 /* MixParadise.app */;
			productType = "com.apple.product-type.application";
		};
/* End PBXNativeTarget section */

/* Begin PBXProject section */
		E154053A220E5B9A00188638 /* Project object */ = {
			isa = PBXProject;
			attributes = {
				LastSwiftUpdateCheck = 1010;
				LastUpgradeCheck = 1010;
				ORGANIZATIONNAME = Mirego;
				TargetAttributes = {
					E1540541220E5B9A00188638 = {
						CreatedOnToolsVersion = 10.1;
						LastSwiftMigration = 1010;
					};
				};
			};
			buildConfigurationList = E154053D220E5B9A00188638 /* Build configuration list for PBXProject "MixParadise" */;
			compatibilityVersion = "Xcode 9.3";
			developmentRegion = en;
			hasScannedForEncodings = 0;
			knownRegions = (
				en,
				Base,
			);
			mainGroup = E1540539220E5B9A00188638;
			productRefGroup = E1540543220E5B9A00188638 /* Products */;
			projectDirPath = "";
			projectRoot = "";
			targets = (
				E1540541220E5B9A00188638 /* MixParadise */,
			);
		};
/* End PBXProject section */

/* Begin PBXResourcesBuildPhase section */
		E1540540220E5B9A00188638 /* Resources */ = {
			isa = PBXResourcesBuildPhase;
			buildActionMask = 2147483647;
			files = (
				094425972235800100F15D5E /* Droplet.png in Resources */,
				E1E8CC1622357D4E0071D5C3 /* Montserrat-ExtraBold.otf in Resources */,
				E1540550220E5B9B00188638 /* LaunchScreen.storyboard in Resources */,
				E1E8CC1322357D4E0071D5C3 /* Montserrat-Black.otf in Resources */,
				094425962235800100F15D5E /* GameScene.sks in Resources */,
				094425912235800100F15D5E /* Droplets.fsh in Resources */,
				E1E8CC1822357D4E0071D5C3 /* Montserrat-Regular.otf in Resources */,
				E1E8CC1A22357D4E0071D5C3 /* Montserrat-UltraLight.otf in Resources */,
				E1E8CC1422357D4E0071D5C3 /* Montserrat-Hairline.otf in Resources */,
				E154054D220E5B9B00188638 /* Assets.xcassets in Resources */,
				E1E8CC1722357D4E0071D5C3 /* Montserrat-Light.otf in Resources */,
				E1E8CC1522357D4E0071D5C3 /* Montserrat-SemiBold.otf in Resources */,
				E1E8CC1922357D4E0071D5C3 /* Montserrat-Bold.otf in Resources */,
			);
			runOnlyForDeploymentPostprocessing = 0;
		};
/* End PBXResourcesBuildPhase section */

/* Begin PBXShellScriptBuildPhase section */
		1C7908820332B7DEC2E0EE3E /* [CP] Check Pods Manifest.lock */ = {
			isa = PBXShellScriptBuildPhase;
			buildActionMask = 2147483647;
			files = (
			);
			inputFileListPaths = (
			);
			inputPaths = (
				"${PODS_PODFILE_DIR_PATH}/Podfile.lock",
				"${PODS_ROOT}/Manifest.lock",
			);
			name = "[CP] Check Pods Manifest.lock";
			outputFileListPaths = (
			);
			outputPaths = (
				"$(DERIVED_FILE_DIR)/Pods-MixParadise-checkManifestLockResult.txt",
			);
			runOnlyForDeploymentPostprocessing = 0;
			shellPath = /bin/sh;
			shellScript = "diff \"${PODS_PODFILE_DIR_PATH}/Podfile.lock\" \"${PODS_ROOT}/Manifest.lock\" > /dev/null\nif [ $? != 0 ] ; then\n    # print error to STDERR\n    echo \"error: The sandbox is not in sync with the Podfile.lock. Run 'pod install' or update your CocoaPods installation.\" >&2\n    exit 1\nfi\n# This output is used by Xcode 'outputs' to avoid re-running this script phase.\necho \"SUCCESS\" > \"${SCRIPT_OUTPUT_FILE_0}\"\n";
			showEnvVarsInLog = 0;
		};
/* End PBXShellScriptBuildPhase section */

/* Begin PBXSourcesBuildPhase section */
		E154053E220E5B9A00188638 /* Sources */ = {
			isa = PBXSourcesBuildPhase;
			buildActionMask = 2147483647;
			files = (
				FEB158A62246BDAD0074FF33 /* BlenderService.swift in Sources */,
				FE41CEF42246AA8C00F9136E /* Ingredients.swift in Sources */,
				FE41CEEB2246A79E00F9136E /* UIColor+FrigKit.swift in Sources */,
				E1E8CBC4223335F90071D5C3 /* IngredientsPickerView.swift in Sources */,
				FE41CEEF2246A96A00F9136E /* Config.swift in Sources */,
				E158FC2F22431A30000EA79B /* ResultView.swift in Sources */,
				E1E8CBD82233435C0071D5C3 /* CustomPresentationController.swift in Sources */,
				FE13B0182246AFFF008C8AE6 /* Ingredient.swift in Sources */,
				E1E8CBDC2233477F0071D5C3 /* GenericButton.swift in Sources */,
				FE41CEF62246ABC100F9136E /* Extensions.swift in Sources */,
				094425902235800100F15D5E /* SBDynamicWaterNode.m in Sources */,
				E1E8CBD522333E030071D5C3 /* Stylesheet.swift in Sources */,
				094425952235800100F15D5E /* IngredientNode.m in Sources */,
				FE41CEED2246A79E00F9136E /* JSONWebToken.swift in Sources */,
				E1E8CBC7223336AA0071D5C3 /* ViewControllerFactory.swift in Sources */,
				E1E8CBCA2233390B0071D5C3 /* BaseViewController.swift in Sources */,
				E158FC3722443F73000EA79B /* ProgressView.swift in Sources */,
				FE13B01A2246B039008C8AE6 /* Liquid.swift in Sources */,
				E1E8CBC2223335EC0071D5C3 /* RootView.swift in Sources */,
				FEB158A42246B7110074FF33 /* TitleLabel.swift in Sources */,
				E158FC2A224317C2000EA79B /* PopUpTransition.swift in Sources */,
				094425922235800100F15D5E /* GameScene.m in Sources */,
				E1E8CBDA223344BF0071D5C3 /* CALayer+Utils.swift in Sources */,
				E1E8CBF4223358080071D5C3 /* ComponentFactory.swift in Sources */,
				FE13B0102246AE83008C8AE6 /* ServiceFactory.swift in Sources */,
				FE41CEE92246A79E00F9136E /* Request.swift in Sources */,
				E1E8CBC0223335DF0071D5C3 /* RootViewController.swift in Sources */,
				E1E8CBBE223335C40071D5C3 /* IngredientsPickerViewController.swift in Sources */,
				FE41CEEA2246A79E00F9136E /* String+FrigKit.swift in Sources */,
				FE13B01C2246B096008C8AE6 /* Solid.swift in Sources */,
				FE13B0122246AED0008C8AE6 /* IngredientService.swift in Sources */,
				FE41CEEC2246A79E00F9136E /* UIView+FrigKit.swift in Sources */,
				09442599223581D100F15D5E /* LiquidScene.swift in Sources */,
				E1E8CBFF223469430071D5C3 /* PushButton.swift in Sources */,
				E1540546220E5B9A00188638 /* AppDelegate.swift in Sources */,
				E158FC2D224319F5000EA79B /* ResultViewController.swift in Sources */,
			);
			runOnlyForDeploymentPostprocessing = 0;
		};
/* End PBXSourcesBuildPhase section */

/* Begin PBXVariantGroup section */
		E154054E220E5B9B00188638 /* LaunchScreen.storyboard */ = {
			isa = PBXVariantGroup;
			children = (
				E154054F220E5B9B00188638 /* Base */,
			);
			name = LaunchScreen.storyboard;
			sourceTree = "<group>";
		};
/* End PBXVariantGroup section */

/* Begin XCBuildConfiguration section */
		E1540552220E5B9B00188638 /* Debug */ = {
			isa = XCBuildConfiguration;
			buildSettings = {
				ALWAYS_SEARCH_USER_PATHS = NO;
				CLANG_ANALYZER_NONNULL = YES;
				CLANG_ANALYZER_NUMBER_OBJECT_CONVERSION = YES_AGGRESSIVE;
				CLANG_CXX_LANGUAGE_STANDARD = "gnu++14";
				CLANG_CXX_LIBRARY = "libc++";
				CLANG_ENABLE_MODULES = YES;
				CLANG_ENABLE_OBJC_ARC = YES;
				CLANG_ENABLE_OBJC_WEAK = YES;
				CLANG_WARN_BLOCK_CAPTURE_AUTORELEASING = YES;
				CLANG_WARN_BOOL_CONVERSION = YES;
				CLANG_WARN_COMMA = YES;
				CLANG_WARN_CONSTANT_CONVERSION = YES;
				CLANG_WARN_DEPRECATED_OBJC_IMPLEMENTATIONS = YES;
				CLANG_WARN_DIRECT_OBJC_ISA_USAGE = YES_ERROR;
				CLANG_WARN_DOCUMENTATION_COMMENTS = YES;
				CLANG_WARN_EMPTY_BODY = YES;
				CLANG_WARN_ENUM_CONVERSION = YES;
				CLANG_WARN_INFINITE_RECURSION = YES;
				CLANG_WARN_INT_CONVERSION = YES;
				CLANG_WARN_NON_LITERAL_NULL_CONVERSION = YES;
				CLANG_WARN_OBJC_IMPLICIT_RETAIN_SELF = YES;
				CLANG_WARN_OBJC_LITERAL_CONVERSION = YES;
				CLANG_WARN_OBJC_ROOT_CLASS = YES_ERROR;
				CLANG_WARN_RANGE_LOOP_ANALYSIS = YES;
				CLANG_WARN_STRICT_PROTOTYPES = YES;
				CLANG_WARN_SUSPICIOUS_MOVE = YES;
				CLANG_WARN_UNGUARDED_AVAILABILITY = YES_AGGRESSIVE;
				CLANG_WARN_UNREACHABLE_CODE = YES;
				CLANG_WARN__DUPLICATE_METHOD_MATCH = YES;
				CODE_SIGN_IDENTITY = "iPhone Developer";
				COPY_PHASE_STRIP = NO;
				DEBUG_INFORMATION_FORMAT = dwarf;
				ENABLE_STRICT_OBJC_MSGSEND = YES;
				ENABLE_TESTABILITY = YES;
				GCC_C_LANGUAGE_STANDARD = gnu11;
				GCC_DYNAMIC_NO_PIC = NO;
				GCC_NO_COMMON_BLOCKS = YES;
				GCC_OPTIMIZATION_LEVEL = 0;
				GCC_PREPROCESSOR_DEFINITIONS = (
					"DEBUG=1",
					"$(inherited)",
				);
				GCC_WARN_64_TO_32_BIT_CONVERSION = YES;
				GCC_WARN_ABOUT_RETURN_TYPE = YES_ERROR;
				GCC_WARN_UNDECLARED_SELECTOR = YES;
				GCC_WARN_UNINITIALIZED_AUTOS = YES_AGGRESSIVE;
				GCC_WARN_UNUSED_FUNCTION = YES;
				GCC_WARN_UNUSED_VARIABLE = YES;
				IPHONEOS_DEPLOYMENT_TARGET = 12.0;
				MTL_ENABLE_DEBUG_INFO = INCLUDE_SOURCE;
				MTL_FAST_MATH = YES;
				ONLY_ACTIVE_ARCH = YES;
				SDKROOT = iphoneos;
				SWIFT_ACTIVE_COMPILATION_CONDITIONS = DEBUG;
				SWIFT_OPTIMIZATION_LEVEL = "-Onone";
			};
			name = Debug;
		};
		E1540553220E5B9B00188638 /* Release */ = {
			isa = XCBuildConfiguration;
			buildSettings = {
				ALWAYS_SEARCH_USER_PATHS = NO;
				CLANG_ANALYZER_NONNULL = YES;
				CLANG_ANALYZER_NUMBER_OBJECT_CONVERSION = YES_AGGRESSIVE;
				CLANG_CXX_LANGUAGE_STANDARD = "gnu++14";
				CLANG_CXX_LIBRARY = "libc++";
				CLANG_ENABLE_MODULES = YES;
				CLANG_ENABLE_OBJC_ARC = YES;
				CLANG_ENABLE_OBJC_WEAK = YES;
				CLANG_WARN_BLOCK_CAPTURE_AUTORELEASING = YES;
				CLANG_WARN_BOOL_CONVERSION = YES;
				CLANG_WARN_COMMA = YES;
				CLANG_WARN_CONSTANT_CONVERSION = YES;
				CLANG_WARN_DEPRECATED_OBJC_IMPLEMENTATIONS = YES;
				CLANG_WARN_DIRECT_OBJC_ISA_USAGE = YES_ERROR;
				CLANG_WARN_DOCUMENTATION_COMMENTS = YES;
				CLANG_WARN_EMPTY_BODY = YES;
				CLANG_WARN_ENUM_CONVERSION = YES;
				CLANG_WARN_INFINITE_RECURSION = YES;
				CLANG_WARN_INT_CONVERSION = YES;
				CLANG_WARN_NON_LITERAL_NULL_CONVERSION = YES;
				CLANG_WARN_OBJC_IMPLICIT_RETAIN_SELF = YES;
				CLANG_WARN_OBJC_LITERAL_CONVERSION = YES;
				CLANG_WARN_OBJC_ROOT_CLASS = YES_ERROR;
				CLANG_WARN_RANGE_LOOP_ANALYSIS = YES;
				CLANG_WARN_STRICT_PROTOTYPES = YES;
				CLANG_WARN_SUSPICIOUS_MOVE = YES;
				CLANG_WARN_UNGUARDED_AVAILABILITY = YES_AGGRESSIVE;
				CLANG_WARN_UNREACHABLE_CODE = YES;
				CLANG_WARN__DUPLICATE_METHOD_MATCH = YES;
				CODE_SIGN_IDENTITY = "iPhone Developer";
				COPY_PHASE_STRIP = NO;
				DEBUG_INFORMATION_FORMAT = "dwarf-with-dsym";
				ENABLE_NS_ASSERTIONS = NO;
				ENABLE_STRICT_OBJC_MSGSEND = YES;
				GCC_C_LANGUAGE_STANDARD = gnu11;
				GCC_NO_COMMON_BLOCKS = YES;
				GCC_WARN_64_TO_32_BIT_CONVERSION = YES;
				GCC_WARN_ABOUT_RETURN_TYPE = YES_ERROR;
				GCC_WARN_UNDECLARED_SELECTOR = YES;
				GCC_WARN_UNINITIALIZED_AUTOS = YES_AGGRESSIVE;
				GCC_WARN_UNUSED_FUNCTION = YES;
				GCC_WARN_UNUSED_VARIABLE = YES;
				IPHONEOS_DEPLOYMENT_TARGET = 12.0;
				MTL_ENABLE_DEBUG_INFO = NO;
				MTL_FAST_MATH = YES;
				SDKROOT = iphoneos;
				SWIFT_COMPILATION_MODE = wholemodule;
				SWIFT_OPTIMIZATION_LEVEL = "-O";
				VALIDATE_PRODUCT = YES;
			};
			name = Release;
		};
		E1540555220E5B9B00188638 /* Debug */ = {
			isa = XCBuildConfiguration;
			baseConfigurationReference = A1DD7FE909375EDCE8705174 /* Pods-MixParadise.debug.xcconfig */;
			buildSettings = {
				ASSETCATALOG_COMPILER_APPICON_NAME = AppIcon;
				CLANG_ENABLE_MODULES = YES;
				CODE_SIGN_STYLE = Automatic;
				DEVELOPMENT_TEAM = 4Q596JWQC5;
				INFOPLIST_FILE = "$(SRCROOT)/Sources/SupportingFiles/Info.plist";
				LD_RUNPATH_SEARCH_PATHS = (
					"$(inherited)",
					"@executable_path/Frameworks",
				);
				PRODUCT_BUNDLE_IDENTIFIER = com.mirego.mixparadise;
				PRODUCT_NAME = "$(TARGET_NAME)";
				SWIFT_OBJC_BRIDGING_HEADER = "Sources/UI/SpriteKit/MixParadise-Bridging-Header.h";
				SWIFT_OPTIMIZATION_LEVEL = "-Onone";
				SWIFT_VERSION = 4.2;
				TARGETED_DEVICE_FAMILY = 1;
			};
			name = Debug;
		};
		E1540556220E5B9B00188638 /* Release */ = {
			isa = XCBuildConfiguration;
			baseConfigurationReference = 3D7BD185EF0E7E45833CCE9D /* Pods-MixParadise.release.xcconfig */;
			buildSettings = {
				ASSETCATALOG_COMPILER_APPICON_NAME = AppIcon;
				CLANG_ENABLE_MODULES = YES;
				CODE_SIGN_STYLE = Automatic;
				DEVELOPMENT_TEAM = 4Q596JWQC5;
				INFOPLIST_FILE = "$(SRCROOT)/Sources/SupportingFiles/Info.plist";
				LD_RUNPATH_SEARCH_PATHS = (
					"$(inherited)",
					"@executable_path/Frameworks",
				);
				PRODUCT_BUNDLE_IDENTIFIER = com.mirego.mixparadise;
				PRODUCT_NAME = "$(TARGET_NAME)";
				SWIFT_OBJC_BRIDGING_HEADER = "Sources/UI/SpriteKit/MixParadise-Bridging-Header.h";
				SWIFT_VERSION = 4.2;
				TARGETED_DEVICE_FAMILY = 1;
			};
			name = Release;
		};
/* End XCBuildConfiguration section */

/* Begin XCConfigurationList section */
		E154053D220E5B9A00188638 /* Build configuration list for PBXProject "MixParadise" */ = {
			isa = XCConfigurationList;
			buildConfigurations = (
				E1540552220E5B9B00188638 /* Debug */,
				E1540553220E5B9B00188638 /* Release */,
			);
			defaultConfigurationIsVisible = 0;
			defaultConfigurationName = Release;
		};
		E1540554220E5B9B00188638 /* Build configuration list for PBXNativeTarget "MixParadise" */ = {
			isa = XCConfigurationList;
			buildConfigurations = (
				E1540555220E5B9B00188638 /* Debug */,
				E1540556220E5B9B00188638 /* Release */,
			);
			defaultConfigurationIsVisible = 0;
			defaultConfigurationName = Release;
		};
/* End XCConfigurationList section */
	};
	rootObject = E154053A220E5B9A00188638 /* Project object */;
}
